
Microsoft Visual Studio Solution File, Format Version 12.00
# Visual Studio Version 17
VisualStudioVersion = 17.5.002.0
MinimumVisualStudioVersion = 10.0.40219.1
Project("{2150E333-8FDC-42A3-9474-1A3956D46DE8}") = "appservice", "appservice", "{FD8F31B6-49E0-47FF-8387-44F04240359B}"
EndProject
Project("{FAE04EC0-301F-11D3-BF4B-00C04F79EFBC}") = "deploy-aspnet-helloworld", "appservice\deploy-aspnet-helloworld\deploy-aspnet-helloworld.csproj", "{6E23B1DA-A4A1-49B7-8D03-4A8B23689C3D}"
EndProject
Global
	GlobalSection(SolutionConfigurationPlatforms) = preSolution
		Debug|Any CPU = Debug|Any CPU
		Release|Any CPU = Release|Any CPU
	EndGlobalSection
	GlobalSection(ProjectConfigurationPlatforms) = postSolution
		{6E23B1DA-A4A1-49B7-8D03-4A8B23689C3D}.Debug|Any CPU.ActiveCfg = Debug|Any CPU
		{6E23B1DA-A4A1-49B7-8D03-4A8B23689C3D}.Debug|Any CPU.Build.0 = Debug|Any CPU
		{6E23B1DA-A4A1-49B7-8D03-4A8B23689C3D}.Release|Any CPU.ActiveCfg = Release|Any CPU
		{6E23B1DA-A4A1-49B7-8D03-4A8B23689C3D}.Release|Any CPU.Build.0 = Release|Any CPU
	EndGlobalSection
	GlobalSection(SolutionProperties) = preSolution
		HideSolutionNode = FALSE
	EndGlobalSection
	GlobalSection(ExtensibilityGlobals) = postSolution
		SolutionGuid = {1EA3E6EE-4917-41D3-83B0-2A74DD28CD24}
	EndGlobalSection
	GlobalSection(NestedProjects) = preSolution
		{6E23B1DA-A4A1-49B7-8D03-4A8B23689C3D} = {FD8F31B6-49E0-47FF-8387-44F04240359B}
	EndGlobalSection
EndGlobal
